{
  "name": "modern-normalize",
  "version": "0.0.1",
  "lockfileVersion": 2,
  "requires": true,
  "packages": {
    "": {
      "version": "0.0.1",
      "license": "MIT",
      "dependencies": {
        "@stitches/core": "^0.2.2"
      },
      "devDependencies": {
        "esbuild": "^0.12.14"
      }
    },
    "node_modules/@stitches/core": {
      "version": "0.2.2",
      "resolved": "https://registry.npmjs.org/@stitches/core/-/core-0.2.2.tgz",
      "integrity": "sha512-+k4PcQxaxsJJoDhkglDk1wxXpPCJDsTsXXH6XNPLJcvjNOCTwb5ln7sr5KPkYZ/wDsL7rGnmWgIuXgy0lVgT3w=="
    },
    "node_modules/esbuild": {
      "version": "0.12.14",
      "resolved": "https://registry.npmjs.org/esbuild/-/esbuild-0.12.14.tgz",
      "integrity": "sha512-z8p+6FGiplR7a3pPonXREbm+8IeXjBGvDpVidZmGB/AJMsJSfGCU+n7KOMCazA9AwvagadRWBhiKorC0w9WJvw==",
      "dev": true,
      "hasInstallScript": true,
      "bin": {
        "esbuild": "bin/esbuild"
      }
    }
  },
  "dependencies": {
    "@stitches/core": {
      "version": "0.2.2",
      "resolved": "https://registry.npmjs.org/@stitches/core/-/core-0.2.2.tgz",
      "integrity": "sha512-+k4PcQxaxsJJoDhkglDk1wxXpPCJDsTsXXH6XNPLJcvjNOCTwb5ln7sr5KPkYZ/wDsL7rGnmWgIuXgy0lVgT3w=="
    },
    "esbuild": {
      "version": "0.12.14",
      "resolved": "https://registry.npmjs.org/esbuild/-/esbuild-0.12.14.tgz",
      "integrity": "sha512-z8p+6FGiplR7a3pPonXREbm+8IeXjBGvDpVidZmGB/AJMsJSfGCU+n7KOMCazA9AwvagadRWBhiKorC0w9WJvw==",
      "dev": true
    }
  }
}
